
Microsoft Visual Studio Solution File, Format Version 12.00
# Visual Studio 15
VisualStudioVersion = 15.0.27703.2047
MinimumVisualStudioVersion = 10.0.40219.1
Project("{FAE04EC0-301F-11D3-BF4B-00C04F79EFBC}") = "Navegacion.Android", "Navegacion\Navegacion.Android\Navegacion.Android.csproj", "{96C867BE-D198-49FF-8F86-69C464B949EA}"
EndProject
Project("{FAE04EC0-301F-11D3-BF4B-00C04F79EFBC}") = "Navegacion", "Navegacion\Navegacion\Navegacion.csproj", "{F408F337-1B69-460A-B4EA-476F672A03DB}"
EndProject
Global
	GlobalSection(SolutionConfigurationPlatforms) = preSolution
		Debug|Any CPU = Debug|Any CPU
		Release|Any CPU = Release|Any CPU
	EndGlobalSection
	GlobalSection(ProjectConfigurationPlatforms) = postSolution
		{96C867BE-D198-49FF-8F86-69C464B949EA}.Debug|Any CPU.ActiveCfg = Debug|Any CPU
		{96C867BE-D198-49FF-8F86-69C464B949EA}.Debug|Any CPU.Build.0 = Debug|Any CPU
		{96C867BE-D198-49FF-8F86-69C464B949EA}.Debug|Any CPU.Deploy.0 = Debug|Any CPU
		{96C867BE-D198-49FF-8F86-69C464B949EA}.Release|Any CPU.ActiveCfg = Release|Any CPU
		{96C867BE-D198-49FF-8F86-69C464B949EA}.Release|Any CPU.Build.0 = Release|Any CPU
		{96C867BE-D198-49FF-8F86-69C464B949EA}.Release|Any CPU.Deploy.0 = Release|Any CPU
		{F408F337-1B69-460A-B4EA-476F672A03DB}.Debug|Any CPU.ActiveCfg = Debug|Any CPU
		{F408F337-1B69-460A-B4EA-476F672A03DB}.Debug|Any CPU.Build.0 = Debug|Any CPU
		{F408F337-1B69-460A-B4EA-476F672A03DB}.Debug|Any CPU.Deploy.0 = Debug|Any CPU
		{F408F337-1B69-460A-B4EA-476F672A03DB}.Release|Any CPU.ActiveCfg = Release|Any CPU
		{F408F337-1B69-460A-B4EA-476F672A03DB}.Release|Any CPU.Build.0 = Release|Any CPU
		{F408F337-1B69-460A-B4EA-476F672A03DB}.Release|Any CPU.Deploy.0 = Release|Any CPU
	EndGlobalSection
	GlobalSection(SolutionProperties) = preSolution
		HideSolutionNode = FALSE
	EndGlobalSection
	GlobalSection(ExtensibilityGlobals) = postSolution
		SolutionGuid = {ECD2692E-31FE-4C7F-ACBB-08FD97950196}
	EndGlobalSection
EndGlobal
